
Microsoft Visual Studio Solution File, Format Version 12.00
# Visual Studio Version 17
VisualStudioVersion = 17.9.34723.18
MinimumVisualStudioVersion = 10.0.40219.1
Project("{9A19103F-16F7-4668-BE54-9A1E7A4F7556}") = "class01", "class01\class01.csproj", "{BBD3E54E-439D-407E-8056-D8DE838ACBE4}"
EndProject
Project("{9A19103F-16F7-4668-BE54-9A1E7A4F7556}") = "Stars", "Stars\Stars.csproj", "{6899E424-4AAC-41FA-B55F-1655DDD5D5E5}"
EndProject
Project("{9A19103F-16F7-4668-BE54-9A1E7A4F7556}") = "data-types-exercises", "data-types-exercises\data-types-exercises.csproj", "{093875E1-9C82-42D5-9212-DD553732EDDA}"
EndProject
Project("{9A19103F-16F7-4668-BE54-9A1E7A4F7556}") = "class02", "class02\class02.csproj", "{71F251CA-51EF-4818-85E5-860228A72964}"
EndProject
Project("{9A19103F-16F7-4668-BE54-9A1E7A4F7556}") = "RealCalculator", "class02\RealCalculator\RealCalculator.csproj", "{623FA7F5-E192-4D99-A424-B76692BB97E0}"
EndProject
Project("{9A19103F-16F7-4668-BE54-9A1E7A4F7556}") = "AverageNumber", "class02\AverageNumber\AverageNumber.csproj", "{B6C588D7-EBA7-45AD-8CC3-3586F7BD0DF5}"
EndProject
Project("{9A19103F-16F7-4668-BE54-9A1E7A4F7556}") = "SwapNumbers", "class02\SwapNumbers\SwapNumbers.csproj", "{21EF576E-CD08-43F7-A36C-182058CACCAB}"
EndProject
Project("{9A19103F-16F7-4668-BE54-9A1E7A4F7556}") = "class03", "class03\class03.csproj", "{89CBAAED-4C0F-4CE3-8997-EFE5823C66E8}"
EndProject
Project("{9A19103F-16F7-4668-BE54-9A1E7A4F7556}") = "ClassesOOP", "ClassesOOP\ClassesOOP.csproj", "{3DD90C55-6D97-4B12-812F-29FCD24DC670}"
EndProject
Project("{9A19103F-16F7-4668-BE54-9A1E7A4F7556}") = "class07", "class07\class07.csproj", "{C290EC77-6E9E-4263-BFAD-13BAB75423E7}"
EndProject
Project("{9A19103F-16F7-4668-BE54-9A1E7A4F7556}") = "class08Inheretance", "class08Inheretance\class08Inheretance.csproj", "{51760B77-4C6F-4E1A-AB83-01313D589851}"
EndProject
Project("{9A19103F-16F7-4668-BE54-9A1E7A4F7556}") = "AnotherConsoleApp", "AnotherConsoleApp\AnotherConsoleApp.csproj", "{AA9A249A-8C95-4AB9-BC97-27D8B1D8CE4E}"
EndProject
Project("{9A19103F-16F7-4668-BE54-9A1E7A4F7556}") = "CommonModels", "CommonModels\CommonModels.csproj", "{BAE04271-460C-4AAE-916F-30849EE7AE5E}"
EndProject
Project("{9A19103F-16F7-4668-BE54-9A1E7A4F7556}") = "ATM", "ATM\ATM.csproj", "{907A6789-9F1D-438F-9621-AD59BA4E5E4F}"
EndProject
Project("{9A19103F-16F7-4668-BE54-9A1E7A4F7556}") = "Homework05", "Homework05\Homework05.csproj", "{3709A04F-CEDD-44D5-A7E8-35AC4BCC6E09}"
EndProject
Project("{9A19103F-16F7-4668-BE54-9A1E7A4F7556}") = "ExerciseLibrary", "Exercise1Library\ExerciseLibrary.csproj", "{D3ED2C25-FE55-4EBE-86A0-D975ED5FA96E}"
EndProject
Project("{9A19103F-16F7-4668-BE54-9A1E7A4F7556}") = "ExercisesInteritance", "ExercisesInteritance\ExercisesInteritance.csproj", "{3CF49E6B-7F0B-4B5F-BDCA-7DCAE3D981C0}"
EndProject
Project("{9A19103F-16F7-4668-BE54-9A1E7A4F7556}") = "Collections", "Collections\Collections.csproj", "{9AD69D9A-A96E-46BA-A95C-113BA38B8CF7}"
EndProject
Project("{9A19103F-16F7-4668-BE54-9A1E7A4F7556}") = "ExericesLists", "ExericesLists\ExericesLists.csproj", "{34F80542-AA84-4D06-AA10-0A4B1C32D4A2}"
EndProject
Project("{9A19103F-16F7-4668-BE54-9A1E7A4F7556}") = "LINQ", "LINQ\LINQ.csproj", "{6EDDC57D-FCAB-40FE-B950-F31B7DB771C5}"
EndProject
Project("{9A19103F-16F7-4668-BE54-9A1E7A4F7556}") = "ExeptionsProgram", "ExeptionsProgram\ExeptionsProgram.csproj", "{35D479C2-6C37-404E-B872-9546CC2EE55A}"
EndProject
Project("{9A19103F-16F7-4668-BE54-9A1E7A4F7556}") = "ExeptionsExercise1", "ExeptionsExercise1\ExeptionsExercise1.csproj", "{4214F997-432D-41FE-9E1C-AE0C1475FB2E}"
EndProject
Project("{9A19103F-16F7-4668-BE54-9A1E7A4F7556}") = "Homework08", "HomeworkLINQ\Homework08.csproj", "{C23E2580-E7D1-4348-BFAF-2312718F4C1E}"
EndProject
Project("{FAE04EC0-301F-11D3-BF4B-00C04F79EFBC}") = "Homework04", "Homework04\Homework04.csproj", "{6919277B-F217-4806-913D-64D402EDE0B4}"
EndProject
Global
	GlobalSection(SolutionConfigurationPlatforms) = preSolution
		Debug|Any CPU = Debug|Any CPU
		Release|Any CPU = Release|Any CPU
	EndGlobalSection
	GlobalSection(ProjectConfigurationPlatforms) = postSolution
		{BBD3E54E-439D-407E-8056-D8DE838ACBE4}.Debug|Any CPU.ActiveCfg = Debug|Any CPU
		{BBD3E54E-439D-407E-8056-D8DE838ACBE4}.Debug|Any CPU.Build.0 = Debug|Any CPU
		{BBD3E54E-439D-407E-8056-D8DE838ACBE4}.Release|Any CPU.ActiveCfg = Release|Any CPU
		{BBD3E54E-439D-407E-8056-D8DE838ACBE4}.Release|Any CPU.Build.0 = Release|Any CPU
		{6899E424-4AAC-41FA-B55F-1655DDD5D5E5}.Debug|Any CPU.ActiveCfg = Debug|Any CPU
		{6899E424-4AAC-41FA-B55F-1655DDD5D5E5}.Debug|Any CPU.Build.0 = Debug|Any CPU
		{6899E424-4AAC-41FA-B55F-1655DDD5D5E5}.Release|Any CPU.ActiveCfg = Release|Any CPU
		{6899E424-4AAC-41FA-B55F-1655DDD5D5E5}.Release|Any CPU.Build.0 = Release|Any CPU
		{093875E1-9C82-42D5-9212-DD553732EDDA}.Debug|Any CPU.ActiveCfg = Debug|Any CPU
		{093875E1-9C82-42D5-9212-DD553732EDDA}.Debug|Any CPU.Build.0 = Debug|Any CPU
		{093875E1-9C82-42D5-9212-DD553732EDDA}.Release|Any CPU.ActiveCfg = Release|Any CPU
		{093875E1-9C82-42D5-9212-DD553732EDDA}.Release|Any CPU.Build.0 = Release|Any CPU
		{71F251CA-51EF-4818-85E5-860228A72964}.Debug|Any CPU.ActiveCfg = Debug|Any CPU
		{71F251CA-51EF-4818-85E5-860228A72964}.Debug|Any CPU.Build.0 = Debug|Any CPU
		{71F251CA-51EF-4818-85E5-860228A72964}.Release|Any CPU.ActiveCfg = Release|Any CPU
		{71F251CA-51EF-4818-85E5-860228A72964}.Release|Any CPU.Build.0 = Release|Any CPU
		{623FA7F5-E192-4D99-A424-B76692BB97E0}.Debug|Any CPU.ActiveCfg = Debug|Any CPU
		{623FA7F5-E192-4D99-A424-B76692BB97E0}.Debug|Any CPU.Build.0 = Debug|Any CPU
		{623FA7F5-E192-4D99-A424-B76692BB97E0}.Release|Any CPU.ActiveCfg = Release|Any CPU
		{623FA7F5-E192-4D99-A424-B76692BB97E0}.Release|Any CPU.Build.0 = Release|Any CPU
		{B6C588D7-EBA7-45AD-8CC3-3586F7BD0DF5}.Debug|Any CPU.ActiveCfg = Debug|Any CPU
		{B6C588D7-EBA7-45AD-8CC3-3586F7BD0DF5}.Debug|Any CPU.Build.0 = Debug|Any CPU
		{B6C588D7-EBA7-45AD-8CC3-3586F7BD0DF5}.Release|Any CPU.ActiveCfg = Release|Any CPU
		{B6C588D7-EBA7-45AD-8CC3-3586F7BD0DF5}.Release|Any CPU.Build.0 = Release|Any CPU
		{21EF576E-CD08-43F7-A36C-182058CACCAB}.Debug|Any CPU.ActiveCfg = Debug|Any CPU
		{21EF576E-CD08-43F7-A36C-182058CACCAB}.Debug|Any CPU.Build.0 = Debug|Any CPU
		{21EF576E-CD08-43F7-A36C-182058CACCAB}.Release|Any CPU.ActiveCfg = Release|Any CPU
		{21EF576E-CD08-43F7-A36C-182058CACCAB}.Release|Any CPU.Build.0 = Release|Any CPU
		{89CBAAED-4C0F-4CE3-8997-EFE5823C66E8}.Debug|Any CPU.ActiveCfg = Debug|Any CPU
		{89CBAAED-4C0F-4CE3-8997-EFE5823C66E8}.Debug|Any CPU.Build.0 = Debug|Any CPU
		{89CBAAED-4C0F-4CE3-8997-EFE5823C66E8}.Release|Any CPU.ActiveCfg = Release|Any CPU
		{89CBAAED-4C0F-4CE3-8997-EFE5823C66E8}.Release|Any CPU.Build.0 = Release|Any CPU
		{3DD90C55-6D97-4B12-812F-29FCD24DC670}.Debug|Any CPU.ActiveCfg = Debug|Any CPU
		{3DD90C55-6D97-4B12-812F-29FCD24DC670}.Debug|Any CPU.Build.0 = Debug|Any CPU
		{3DD90C55-6D97-4B12-812F-29FCD24DC670}.Release|Any CPU.ActiveCfg = Release|Any CPU
		{3DD90C55-6D97-4B12-812F-29FCD24DC670}.Release|Any CPU.Build.0 = Release|Any CPU
		{C290EC77-6E9E-4263-BFAD-13BAB75423E7}.Debug|Any CPU.ActiveCfg = Debug|Any CPU
		{C290EC77-6E9E-4263-BFAD-13BAB75423E7}.Debug|Any CPU.Build.0 = Debug|Any CPU
		{C290EC77-6E9E-4263-BFAD-13BAB75423E7}.Release|Any CPU.ActiveCfg = Release|Any CPU
		{C290EC77-6E9E-4263-BFAD-13BAB75423E7}.Release|Any CPU.Build.0 = Release|Any CPU
		{51760B77-4C6F-4E1A-AB83-01313D589851}.Debug|Any CPU.ActiveCfg = Debug|Any CPU
		{51760B77-4C6F-4E1A-AB83-01313D589851}.Debug|Any CPU.Build.0 = Debug|Any CPU
		{51760B77-4C6F-4E1A-AB83-01313D589851}.Release|Any CPU.ActiveCfg = Release|Any CPU
		{51760B77-4C6F-4E1A-AB83-01313D589851}.Release|Any CPU.Build.0 = Release|Any CPU
		{AA9A249A-8C95-4AB9-BC97-27D8B1D8CE4E}.Debug|Any CPU.ActiveCfg = Debug|Any CPU
		{AA9A249A-8C95-4AB9-BC97-27D8B1D8CE4E}.Debug|Any CPU.Build.0 = Debug|Any CPU
		{AA9A249A-8C95-4AB9-BC97-27D8B1D8CE4E}.Release|Any CPU.ActiveCfg = Release|Any CPU
		{AA9A249A-8C95-4AB9-BC97-27D8B1D8CE4E}.Release|Any CPU.Build.0 = Release|Any CPU
		{BAE04271-460C-4AAE-916F-30849EE7AE5E}.Debug|Any CPU.ActiveCfg = Debug|Any CPU
		{BAE04271-460C-4AAE-916F-30849EE7AE5E}.Debug|Any CPU.Build.0 = Debug|Any CPU
		{BAE04271-460C-4AAE-916F-30849EE7AE5E}.Release|Any CPU.ActiveCfg = Release|Any CPU
		{BAE04271-460C-4AAE-916F-30849EE7AE5E}.Release|Any CPU.Build.0 = Release|Any CPU
		{907A6789-9F1D-438F-9621-AD59BA4E5E4F}.Debug|Any CPU.ActiveCfg = Debug|Any CPU
		{907A6789-9F1D-438F-9621-AD59BA4E5E4F}.Debug|Any CPU.Build.0 = Debug|Any CPU
		{907A6789-9F1D-438F-9621-AD59BA4E5E4F}.Release|Any CPU.ActiveCfg = Release|Any CPU
		{907A6789-9F1D-438F-9621-AD59BA4E5E4F}.Release|Any CPU.Build.0 = Release|Any CPU
		{3709A04F-CEDD-44D5-A7E8-35AC4BCC6E09}.Debug|Any CPU.ActiveCfg = Debug|Any CPU
		{3709A04F-CEDD-44D5-A7E8-35AC4BCC6E09}.Debug|Any CPU.Build.0 = Debug|Any CPU
		{3709A04F-CEDD-44D5-A7E8-35AC4BCC6E09}.Release|Any CPU.ActiveCfg = Release|Any CPU
		{3709A04F-CEDD-44D5-A7E8-35AC4BCC6E09}.Release|Any CPU.Build.0 = Release|Any CPU
		{D3ED2C25-FE55-4EBE-86A0-D975ED5FA96E}.Debug|Any CPU.ActiveCfg = Debug|Any CPU
		{D3ED2C25-FE55-4EBE-86A0-D975ED5FA96E}.Debug|Any CPU.Build.0 = Debug|Any CPU
		{D3ED2C25-FE55-4EBE-86A0-D975ED5FA96E}.Release|Any CPU.ActiveCfg = Release|Any CPU
		{D3ED2C25-FE55-4EBE-86A0-D975ED5FA96E}.Release|Any CPU.Build.0 = Release|Any CPU
		{3CF49E6B-7F0B-4B5F-BDCA-7DCAE3D981C0}.Debug|Any CPU.ActiveCfg = Debug|Any CPU
		{3CF49E6B-7F0B-4B5F-BDCA-7DCAE3D981C0}.Debug|Any CPU.Build.0 = Debug|Any CPU
		{3CF49E6B-7F0B-4B5F-BDCA-7DCAE3D981C0}.Release|Any CPU.ActiveCfg = Release|Any CPU
		{3CF49E6B-7F0B-4B5F-BDCA-7DCAE3D981C0}.Release|Any CPU.Build.0 = Release|Any CPU
		{9AD69D9A-A96E-46BA-A95C-113BA38B8CF7}.Debug|Any CPU.ActiveCfg = Debug|Any CPU
		{9AD69D9A-A96E-46BA-A95C-113BA38B8CF7}.Debug|Any CPU.Build.0 = Debug|Any CPU
		{9AD69D9A-A96E-46BA-A95C-113BA38B8CF7}.Release|Any CPU.ActiveCfg = Release|Any CPU
		{9AD69D9A-A96E-46BA-A95C-113BA38B8CF7}.Release|Any CPU.Build.0 = Release|Any CPU
		{34F80542-AA84-4D06-AA10-0A4B1C32D4A2}.Debug|Any CPU.ActiveCfg = Debug|Any CPU
		{34F80542-AA84-4D06-AA10-0A4B1C32D4A2}.Debug|Any CPU.Build.0 = Debug|Any CPU
		{34F80542-AA84-4D06-AA10-0A4B1C32D4A2}.Release|Any CPU.ActiveCfg = Release|Any CPU
		{34F80542-AA84-4D06-AA10-0A4B1C32D4A2}.Release|Any CPU.Build.0 = Release|Any CPU
		{6EDDC57D-FCAB-40FE-B950-F31B7DB771C5}.Debug|Any CPU.ActiveCfg = Debug|Any CPU
		{6EDDC57D-FCAB-40FE-B950-F31B7DB771C5}.Debug|Any CPU.Build.0 = Debug|Any CPU
		{6EDDC57D-FCAB-40FE-B950-F31B7DB771C5}.Release|Any CPU.ActiveCfg = Release|Any CPU
		{6EDDC57D-FCAB-40FE-B950-F31B7DB771C5}.Release|Any CPU.Build.0 = Release|Any CPU
		{35D479C2-6C37-404E-B872-9546CC2EE55A}.Debug|Any CPU.ActiveCfg = Debug|Any CPU
		{35D479C2-6C37-404E-B872-9546CC2EE55A}.Debug|Any CPU.Build.0 = Debug|Any CPU
		{35D479C2-6C37-404E-B872-9546CC2EE55A}.Release|Any CPU.ActiveCfg = Release|Any CPU
		{35D479C2-6C37-404E-B872-9546CC2EE55A}.Release|Any CPU.Build.0 = Release|Any CPU
		{4214F997-432D-41FE-9E1C-AE0C1475FB2E}.Debug|Any CPU.ActiveCfg = Debug|Any CPU
		{4214F997-432D-41FE-9E1C-AE0C1475FB2E}.Debug|Any CPU.Build.0 = Debug|Any CPU
		{4214F997-432D-41FE-9E1C-AE0C1475FB2E}.Release|Any CPU.ActiveCfg = Release|Any CPU
		{4214F997-432D-41FE-9E1C-AE0C1475FB2E}.Release|Any CPU.Build.0 = Release|Any CPU
		{C23E2580-E7D1-4348-BFAF-2312718F4C1E}.Debug|Any CPU.ActiveCfg = Debug|Any CPU
		{C23E2580-E7D1-4348-BFAF-2312718F4C1E}.Debug|Any CPU.Build.0 = Debug|Any CPU
		{C23E2580-E7D1-4348-BFAF-2312718F4C1E}.Release|Any CPU.ActiveCfg = Release|Any CPU
		{C23E2580-E7D1-4348-BFAF-2312718F4C1E}.Release|Any CPU.Build.0 = Release|Any CPU
		{6919277B-F217-4806-913D-64D402EDE0B4}.Debug|Any CPU.ActiveCfg = Debug|Any CPU
		{6919277B-F217-4806-913D-64D402EDE0B4}.Debug|Any CPU.Build.0 = Debug|Any CPU
		{6919277B-F217-4806-913D-64D402EDE0B4}.Release|Any CPU.ActiveCfg = Release|Any CPU
		{6919277B-F217-4806-913D-64D402EDE0B4}.Release|Any CPU.Build.0 = Release|Any CPU
	EndGlobalSection
	GlobalSection(SolutionProperties) = preSolution
		HideSolutionNode = FALSE
	EndGlobalSection
	GlobalSection(ExtensibilityGlobals) = postSolution
		SolutionGuid = {9C0FB853-74E3-4902-A8ED-4CC356BA4249}
	EndGlobalSection
EndGlobal
