
Microsoft Visual Studio Solution File, Format Version 12.00
# Visual Studio Version 17
VisualStudioVersion = 17.9.34723.18
MinimumVisualStudioVersion = 10.0.40219.1
Project("{9A19103F-16F7-4668-BE54-9A1E7A4F7556}") = "class04", "class04\class04.csproj", "{6F411F8C-3354-4CEC-ABEF-7DDFF58DD109}"
EndProject
Project("{9A19103F-16F7-4668-BE54-9A1E7A4F7556}") = "WorkWithStrings", "WorkWithStrings\WorkWithStrings.csproj", "{2F8B03F6-E70E-4AD3-BE2B-C2D195551D56}"
EndProject
Project("{9A19103F-16F7-4668-BE54-9A1E7A4F7556}") = "WorkingWitthDates", "WorkingWitthDates\WorkingWitthDates.csproj", "{0711BCE5-716E-4CFD-87B3-B41D091179F6}"
EndProject
Project("{FAE04EC0-301F-11D3-BF4B-00C04F79EFBC}") = "AgeCalculator", "AgeCalculator\AgeCalculator.csproj", "{6AD90B17-978D-4456-AB1E-EECD01468A53}"
EndProject
Global
	GlobalSection(SolutionConfigurationPlatforms) = preSolution
		Debug|Any CPU = Debug|Any CPU
		Release|Any CPU = Release|Any CPU
	EndGlobalSection
	GlobalSection(ProjectConfigurationPlatforms) = postSolution
		{6F411F8C-3354-4CEC-ABEF-7DDFF58DD109}.Debug|Any CPU.ActiveCfg = Debug|Any CPU
		{6F411F8C-3354-4CEC-ABEF-7DDFF58DD109}.Debug|Any CPU.Build.0 = Debug|Any CPU
		{6F411F8C-3354-4CEC-ABEF-7DDFF58DD109}.Release|Any CPU.ActiveCfg = Release|Any CPU
		{6F411F8C-3354-4CEC-ABEF-7DDFF58DD109}.Release|Any CPU.Build.0 = Release|Any CPU
		{2F8B03F6-E70E-4AD3-BE2B-C2D195551D56}.Debug|Any CPU.ActiveCfg = Debug|Any CPU
		{2F8B03F6-E70E-4AD3-BE2B-C2D195551D56}.Debug|Any CPU.Build.0 = Debug|Any CPU
		{2F8B03F6-E70E-4AD3-BE2B-C2D195551D56}.Release|Any CPU.ActiveCfg = Release|Any CPU
		{2F8B03F6-E70E-4AD3-BE2B-C2D195551D56}.Release|Any CPU.Build.0 = Release|Any CPU
		{0711BCE5-716E-4CFD-87B3-B41D091179F6}.Debug|Any CPU.ActiveCfg = Debug|Any CPU
		{0711BCE5-716E-4CFD-87B3-B41D091179F6}.Debug|Any CPU.Build.0 = Debug|Any CPU
		{0711BCE5-716E-4CFD-87B3-B41D091179F6}.Release|Any CPU.ActiveCfg = Release|Any CPU
		{0711BCE5-716E-4CFD-87B3-B41D091179F6}.Release|Any CPU.Build.0 = Release|Any CPU
		{6AD90B17-978D-4456-AB1E-EECD01468A53}.Debug|Any CPU.ActiveCfg = Debug|Any CPU
		{6AD90B17-978D-4456-AB1E-EECD01468A53}.Debug|Any CPU.Build.0 = Debug|Any CPU
		{6AD90B17-978D-4456-AB1E-EECD01468A53}.Release|Any CPU.ActiveCfg = Release|Any CPU
		{6AD90B17-978D-4456-AB1E-EECD01468A53}.Release|Any CPU.Build.0 = Release|Any CPU
	EndGlobalSection
	GlobalSection(SolutionProperties) = preSolution
		HideSolutionNode = FALSE
	EndGlobalSection
	GlobalSection(ExtensibilityGlobals) = postSolution
		SolutionGuid = {AD54EC85-7E29-4C84-8816-F575692AA43D}
	EndGlobalSection
EndGlobal
