
Microsoft Visual Studio Solution File, Format Version 12.00
# Visual Studio Version 17
VisualStudioVersion = 17.9.34723.18
MinimumVisualStudioVersion = 10.0.40219.1
Project("{FAE04EC0-301F-11D3-BF4B-00C04F79EFBC}") = "SumOfEven", "SumOfEven\SumOfEven.csproj", "{97507BBC-48CE-476A-96D7-8588ECF35174}"
EndProject
Global
	GlobalSection(SolutionConfigurationPlatforms) = preSolution
		Debug|Any CPU = Debug|Any CPU
		Release|Any CPU = Release|Any CPU
	EndGlobalSection
	GlobalSection(ProjectConfigurationPlatforms) = postSolution
		{97507BBC-48CE-476A-96D7-8588ECF35174}.Debug|Any CPU.ActiveCfg = Debug|Any CPU
		{97507BBC-48CE-476A-96D7-8588ECF35174}.Debug|Any CPU.Build.0 = Debug|Any CPU
		{97507BBC-48CE-476A-96D7-8588ECF35174}.Release|Any CPU.ActiveCfg = Release|Any CPU
		{97507BBC-48CE-476A-96D7-8588ECF35174}.Release|Any CPU.Build.0 = Release|Any CPU
	EndGlobalSection
	GlobalSection(SolutionProperties) = preSolution
		HideSolutionNode = FALSE
	EndGlobalSection
	GlobalSection(ExtensibilityGlobals) = postSolution
		SolutionGuid = {ECB28497-3D70-40C9-8FD6-0468BC61FE3C}
	EndGlobalSection
EndGlobal
